
Microsoft Visual Studio Solution File, Format Version 12.00
# Visual Studio Version 16
VisualStudioVersion = 16.0.31105.61
MinimumVisualStudioVersion = 10.0.40219.1
Project("{FAE04EC0-301F-11D3-BF4B-00C04F79EFBC}") = "MandatoryAdmission", "MandatoryAdmission\MandatoryAdmission.csproj", "{D9177AF4-42F1-4E60-BB45-FC9BD8623FE3}"
EndProject
Global
	GlobalSection(SolutionConfigurationPlatforms) = preSolution
		Debug|Any CPU = Debug|Any CPU
		Release|Any CPU = Release|Any CPU
	EndGlobalSection
	GlobalSection(ProjectConfigurationPlatforms) = postSolution
		{D9177AF4-42F1-4E60-BB45-FC9BD8623FE3}.Debug|Any CPU.ActiveCfg = Debug|Any CPU
		{D9177AF4-42F1-4E60-BB45-FC9BD8623FE3}.Debug|Any CPU.Build.0 = Debug|Any CPU
		{D9177AF4-42F1-4E60-BB45-FC9BD8623FE3}.Release|Any CPU.ActiveCfg = Release|Any CPU
		{D9177AF4-42F1-4E60-BB45-FC9BD8623FE3}.Release|Any CPU.Build.0 = Release|Any CPU
	EndGlobalSection
	GlobalSection(SolutionProperties) = preSolution
		HideSolutionNode = FALSE
	EndGlobalSection
	GlobalSection(ExtensibilityGlobals) = postSolution
		SolutionGuid = {D525614D-AFC7-4FA2-B539-F49D6D725661}
	EndGlobalSection
EndGlobal
